// !$*UTF8*$!
{
	archiveVersion = 1;
	classes = {
	};
	objectVersion = 50;
	objects = {

/* Begin PBXBuildFile section */
		4878312E26EA973400E215DB /* AppDelegate.swift in Sources */ = {isa = PBXBuildFile; fileRef = 4878312D26EA973400E215DB /* AppDelegate.swift */; };
		4878313626EA973400E215DB /* GameViewController.swift in Sources */ = {isa = PBXBuildFile; fileRef = 4878313526EA973400E215DB /* GameViewController.swift */; };
		4878313926EA973400E215DB /* Main.storyboard in Resources */ = {isa = PBXBuildFile; fileRef = 4878313726EA973400E215DB /* Main.storyboard */; };
		4878313B26EA973600E215DB /* Assets.xcassets in Resources */ = {isa = PBXBuildFile; fileRef = 4878313A26EA973600E215DB /* Assets.xcassets */; };
		48BBB0CB26EBD371003EE43C /* Scenario.swift in Sources */ = {isa = PBXBuildFile; fileRef = 48BBB0CA26EBD371003EE43C /* Scenario.swift */; };
		ECC7A33026EFB8D700F9DDE1 /* Cannon.swift in Sources */ = {isa = PBXBuildFile; fileRef = ECC7A32F26EFB8D700F9DDE1 /* Cannon.swift */; };
		ECC7A33226EFC95200F9DDE1 /* FinalScore.swift in Sources */ = {isa = PBXBuildFile; fileRef = ECC7A33126EFC95200F9DDE1 /* FinalScore.swift */; };
/* End PBXBuildFile section */

/* Begin PBXFileReference section */
		4878312A26EA973400E215DB /* SurvivalCannon.app */ = {isa = PBXFileReference; explicitFileType = wrapper.application; includeInIndex = 0; path = SurvivalCannon.app; sourceTree = BUILT_PRODUCTS_DIR; };
		4878312D26EA973400E215DB /* AppDelegate.swift */ = {isa = PBXFileReference; lastKnownFileType = sourcecode.swift; path = AppDelegate.swift; sourceTree = "<group>"; };
		4878313526EA973400E215DB /* GameViewController.swift */ = {isa = PBXFileReference; lastKnownFileType = sourcecode.swift; path = GameViewController.swift; sourceTree = "<group>"; };
		4878313826EA973400E215DB /* Base */ = {isa = PBXFileReference; lastKnownFileType = file.storyboard; name = Base; path = Base.lproj/Main.storyboard; sourceTree = "<group>"; };
		4878313A26EA973600E215DB /* Assets.xcassets */ = {isa = PBXFileReference; lastKnownFileType = folder.assetcatalog; path = Assets.xcassets; sourceTree = "<group>"; };
		4878313C26EA973600E215DB /* Info.plist */ = {isa = PBXFileReference; lastKnownFileType = text.plist.xml; path = Info.plist; sourceTree = "<group>"; };
		48BBB0CA26EBD371003EE43C /* Scenario.swift */ = {isa = PBXFileReference; lastKnownFileType = sourcecode.swift; path = Scenario.swift; sourceTree = "<group>"; };
		ECC7A32F26EFB8D700F9DDE1 /* Cannon.swift */ = {isa = PBXFileReference; lastKnownFileType = sourcecode.swift; path = Cannon.swift; sourceTree = "<group>"; };
		ECC7A33126EFC95200F9DDE1 /* FinalScore.swift */ = {isa = PBXFileReference; lastKnownFileType = sourcecode.swift; path = FinalScore.swift; sourceTree = "<group>"; };
/* End PBXFileReference section */

/* Begin PBXFrameworksBuildPhase section */
		4878312726EA973400E215DB /* Frameworks */ = {
			isa = PBXFrameworksBuildPhase;
			buildActionMask = 2147483647;
			files = (
			);
			runOnlyForDeploymentPostprocessing = 0;
		};
/* End PBXFrameworksBuildPhase section */

/* Begin PBXGroup section */
		4878312126EA973400E215DB = {
			isa = PBXGroup;
			children = (
				4878312C26EA973400E215DB /* SurvivalCannon */,
				4878312B26EA973400E215DB /* Products */,
			);
			sourceTree = "<group>";
		};
		4878312B26EA973400E215DB /* Products */ = {
			isa = PBXGroup;
			children = (
				4878312A26EA973400E215DB /* SurvivalCannon.app */,
			);
			name = Products;
			sourceTree = "<group>";
		};
		4878312C26EA973400E215DB /* SurvivalCannon */ = {
			isa = PBXGroup;
			children = (
				ECC7A32E26EFB89800F9DDE1 /* Models */,
				4878312D26EA973400E215DB /* AppDelegate.swift */,
				4878313526EA973400E215DB /* GameViewController.swift */,
				4878313726EA973400E215DB /* Main.storyboard */,
				4878313A26EA973600E215DB /* Assets.xcassets */,
				4878313C26EA973600E215DB /* Info.plist */,
				48BBB0CA26EBD371003EE43C /* Scenario.swift */,
				ECC7A33126EFC95200F9DDE1 /* FinalScore.swift */,
			);
			path = SurvivalCannon;
			sourceTree = "<group>";
		};
		ECC7A32E26EFB89800F9DDE1 /* Models */ = {
			isa = PBXGroup;
			children = (
				ECC7A32F26EFB8D700F9DDE1 /* Cannon.swift */,
			);
			path = Models;
			sourceTree = "<group>";
		};
/* End PBXGroup section */

/* Begin PBXNativeTarget section */
		4878312926EA973400E215DB /* SurvivalCannon */ = {
			isa = PBXNativeTarget;
			buildConfigurationList = 4878313F26EA973600E215DB /* Build configuration list for PBXNativeTarget "SurvivalCannon" */;
			buildPhases = (
				4878312626EA973400E215DB /* Sources */,
				4878312726EA973400E215DB /* Frameworks */,
				4878312826EA973400E215DB /* Resources */,
			);
			buildRules = (
			);
			dependencies = (
			);
			name = SurvivalCannon;
			productName = SurvivalCannon;
			productReference = 4878312A26EA973400E215DB /* SurvivalCannon.app */;
			productType = "com.apple.product-type.application";
		};
/* End PBXNativeTarget section */

/* Begin PBXProject section */
		4878312226EA973400E215DB /* Project object */ = {
			isa = PBXProject;
			attributes = {
				LastSwiftUpdateCheck = 1250;
				LastUpgradeCheck = 1250;
				TargetAttributes = {
					4878312926EA973400E215DB = {
						CreatedOnToolsVersion = 12.5.1;
					};
				};
			};
			buildConfigurationList = 4878312526EA973400E215DB /* Build configuration list for PBXProject "SurvivalCannon" */;
			compatibilityVersion = "Xcode 9.3";
			developmentRegion = en;
			hasScannedForEncodings = 0;
			knownRegions = (
				en,
				Base,
			);
			mainGroup = 4878312126EA973400E215DB;
			productRefGroup = 4878312B26EA973400E215DB /* Products */;
			projectDirPath = "";
			projectRoot = "";
			targets = (
				4878312926EA973400E215DB /* SurvivalCannon */,
			);
		};
/* End PBXProject section */

/* Begin PBXResourcesBuildPhase section */
		4878312826EA973400E215DB /* Resources */ = {
			isa = PBXResourcesBuildPhase;
			buildActionMask = 2147483647;
			files = (
				4878313926EA973400E215DB /* Main.storyboard in Resources */,
				4878313B26EA973600E215DB /* Assets.xcassets in Resources */,
			);
			runOnlyForDeploymentPostprocessing = 0;
		};
/* End PBXResourcesBuildPhase section */

/* Begin PBXSourcesBuildPhase section */
		4878312626EA973400E215DB /* Sources */ = {
			isa = PBXSourcesBuildPhase;
			buildActionMask = 2147483647;
			files = (
				ECC7A33026EFB8D700F9DDE1 /* Cannon.swift in Sources */,
				48BBB0CB26EBD371003EE43C /* Scenario.swift in Sources */,
				4878313626EA973400E215DB /* GameViewController.swift in Sources */,
				4878312E26EA973400E215DB /* AppDelegate.swift in Sources */,
				ECC7A33226EFC95200F9DDE1 /* FinalScore.swift in Sources */,
			);
			runOnlyForDeploymentPostprocessing = 0;
		};
/* End PBXSourcesBuildPhase section */

/* Begin PBXVariantGroup section */
		4878313726EA973400E215DB /* Main.storyboard */ = {
			isa = PBXVariantGroup;
			children = (
				4878313826EA973400E215DB /* Base */,
			);
			name = Main.storyboard;
			sourceTree = "<group>";
		};
/* End PBXVariantGroup section */

/* Begin XCBuildConfiguration section */
		4878313D26EA973600E215DB /* Debug */ = {
			isa = XCBuildConfiguration;
			buildSettings = {
				ALWAYS_SEARCH_USER_PATHS = NO;
				CLANG_ANALYZER_NONNULL = YES;
				CLANG_ANALYZER_NUMBER_OBJECT_CONVERSION = YES_AGGRESSIVE;
				CLANG_CXX_LANGUAGE_STANDARD = "gnu++14";
				CLANG_CXX_LIBRARY = "libc++";
				CLANG_ENABLE_MODULES = YES;
				CLANG_ENABLE_OBJC_ARC = YES;
				CLANG_ENABLE_OBJC_WEAK = YES;
				CLANG_WARN_BLOCK_CAPTURE_AUTORELEASING = YES;
				CLANG_WARN_BOOL_CONVERSION = YES;
				CLANG_WARN_COMMA = YES;
				CLANG_WARN_CONSTANT_CONVERSION = YES;
				CLANG_WARN_DEPRECATED_OBJC_IMPLEMENTATIONS = YES;
				CLANG_WARN_DIRECT_OBJC_ISA_USAGE = YES_ERROR;
				CLANG_WARN_DOCUMENTATION_COMMENTS = YES;
				CLANG_WARN_EMPTY_BODY = YES;
				CLANG_WARN_ENUM_CONVERSION = YES;
				CLANG_WARN_INFINITE_RECURSION = YES;
				CLANG_WARN_INT_CONVERSION = YES;
				CLANG_WARN_NON_LITERAL_NULL_CONVERSION = YES;
				CLANG_WARN_OBJC_IMPLICIT_RETAIN_SELF = YES;
				CLANG_WARN_OBJC_LITERAL_CONVERSION = YES;
				CLANG_WARN_OBJC_ROOT_CLASS = YES_ERROR;
				CLANG_WARN_QUOTED_INCLUDE_IN_FRAMEWORK_HEADER = YES;
				CLANG_WARN_RANGE_LOOP_ANALYSIS = YES;
				CLANG_WARN_STRICT_PROTOTYPES = YES;
				CLANG_WARN_SUSPICIOUS_MOVE = YES;
				CLANG_WARN_UNGUARDED_AVAILABILITY = YES_AGGRESSIVE;
				CLANG_WARN_UNREACHABLE_CODE = YES;
				CLANG_WARN__DUPLICATE_METHOD_MATCH = YES;
				COPY_PHASE_STRIP = NO;
				DEBUG_INFORMATION_FORMAT = dwarf;
				ENABLE_STRICT_OBJC_MSGSEND = YES;
				ENABLE_TESTABILITY = YES;
				GCC_C_LANGUAGE_STANDARD = gnu11;
				GCC_DYNAMIC_NO_PIC = NO;
				GCC_NO_COMMON_BLOCKS = YES;
				GCC_OPTIMIZATION_LEVEL = 0;
				GCC_PREPROCESSOR_DEFINITIONS = (
					"DEBUG=1",
					"$(inherited)",
				);
				GCC_WARN_64_TO_32_BIT_CONVERSION = YES;
				GCC_WARN_ABOUT_RETURN_TYPE = YES_ERROR;
				GCC_WARN_UNDECLARED_SELECTOR = YES;
				GCC_WARN_UNINITIALIZED_AUTOS = YES_AGGRESSIVE;
				GCC_WARN_UNUSED_FUNCTION = YES;
				GCC_WARN_UNUSED_VARIABLE = YES;
				IPHONEOS_DEPLOYMENT_TARGET = 14.5;
				MTL_ENABLE_DEBUG_INFO = INCLUDE_SOURCE;
				MTL_FAST_MATH = YES;
				ONLY_ACTIVE_ARCH = YES;
				SDKROOT = iphoneos;
				SWIFT_ACTIVE_COMPILATION_CONDITIONS = DEBUG;
				SWIFT_OPTIMIZATION_LEVEL = "-Onone";
			};
			name = Debug;
		};
		4878313E26EA973600E215DB /* Release */ = {
			isa = XCBuildConfiguration;
			buildSettings = {
				ALWAYS_SEARCH_USER_PATHS = NO;
				CLANG_ANALYZER_NONNULL = YES;
				CLANG_ANALYZER_NUMBER_OBJECT_CONVERSION = YES_AGGRESSIVE;
				CLANG_CXX_LANGUAGE_STANDARD = "gnu++14";
				CLANG_CXX_LIBRARY = "libc++";
				CLANG_ENABLE_MODULES = YES;
				CLANG_ENABLE_OBJC_ARC = YES;
				CLANG_ENABLE_OBJC_WEAK = YES;
				CLANG_WARN_BLOCK_CAPTURE_AUTORELEASING = YES;
				CLANG_WARN_BOOL_CONVERSION = YES;
				CLANG_WARN_COMMA = YES;
				CLANG_WARN_CONSTANT_CONVERSION = YES;
				CLANG_WARN_DEPRECATED_OBJC_IMPLEMENTATIONS = YES;
				CLANG_WARN_DIRECT_OBJC_ISA_USAGE = YES_ERROR;
				CLANG_WARN_DOCUMENTATION_COMMENTS = YES;
				CLANG_WARN_EMPTY_BODY = YES;
				CLANG_WARN_ENUM_CONVERSION = YES;
				CLANG_WARN_INFINITE_RECURSION = YES;
				CLANG_WARN_INT_CONVERSION = YES;
				CLANG_WARN_NON_LITERAL_NULL_CONVERSION = YES;
				CLANG_WARN_OBJC_IMPLICIT_RETAIN_SELF = YES;
				CLANG_WARN_OBJC_LITERAL_CONVERSION = YES;
				CLANG_WARN_OBJC_ROOT_CLASS = YES_ERROR;
				CLANG_WARN_QUOTED_INCLUDE_IN_FRAMEWORK_HEADER = YES;
				CLANG_WARN_RANGE_LOOP_ANALYSIS = YES;
				CLANG_WARN_STRICT_PROTOTYPES = YES;
				CLANG_WARN_SUSPICIOUS_MOVE = YES;
				CLANG_WARN_UNGUARDED_AVAILABILITY = YES_AGGRESSIVE;
				CLANG_WARN_UNREACHABLE_CODE = YES;
				CLANG_WARN__DUPLICATE_METHOD_MATCH = YES;
				COPY_PHASE_STRIP = NO;
				DEBUG_INFORMATION_FORMAT = "dwarf-with-dsym";
				ENABLE_NS_ASSERTIONS = NO;
				ENABLE_STRICT_OBJC_MSGSEND = YES;
				GCC_C_LANGUAGE_STANDARD = gnu11;
				GCC_NO_COMMON_BLOCKS = YES;
				GCC_WARN_64_TO_32_BIT_CONVERSION = YES;
				GCC_WARN_ABOUT_RETURN_TYPE = YES_ERROR;
				GCC_WARN_UNDECLARED_SELECTOR = YES;
				GCC_WARN_UNINITIALIZED_AUTOS = YES_AGGRESSIVE;
				GCC_WARN_UNUSED_FUNCTION = YES;
				GCC_WARN_UNUSED_VARIABLE = YES;
				IPHONEOS_DEPLOYMENT_TARGET = 14.5;
				MTL_ENABLE_DEBUG_INFO = NO;
				MTL_FAST_MATH = YES;
				SDKROOT = iphoneos;
				SWIFT_COMPILATION_MODE = wholemodule;
				SWIFT_OPTIMIZATION_LEVEL = "-O";
				VALIDATE_PRODUCT = YES;
			};
			name = Release;
		};
		4878314026EA973600E215DB /* Debug */ = {
			isa = XCBuildConfiguration;
			buildSettings = {
				ASSETCATALOG_COMPILER_APPICON_NAME = AppIcon;
				ASSETCATALOG_COMPILER_GLOBAL_ACCENT_COLOR_NAME = AccentColor;
				CODE_SIGN_STYLE = Automatic;
				DEVELOPMENT_TEAM = 6GD2RK7JQN;
				INFOPLIST_FILE = SurvivalCannon/Info.plist;
				LD_RUNPATH_SEARCH_PATHS = (
					"$(inherited)",
					"@executable_path/Frameworks",
				);
				PRODUCT_BUNDLE_IDENTIFIER = LucasJusto.SurvivalCannon;
				PRODUCT_NAME = "$(TARGET_NAME)";
				SWIFT_VERSION = 5.0;
				TARGETED_DEVICE_FAMILY = "1,2";
			};
			name = Debug;
		};
		4878314126EA973600E215DB /* Release */ = {
			isa = XCBuildConfiguration;
			buildSettings = {
				ASSETCATALOG_COMPILER_APPICON_NAME = AppIcon;
				ASSETCATALOG_COMPILER_GLOBAL_ACCENT_COLOR_NAME = AccentColor;
				CODE_SIGN_STYLE = Automatic;
				DEVELOPMENT_TEAM = 6GD2RK7JQN;
				INFOPLIST_FILE = SurvivalCannon/Info.plist;
				LD_RUNPATH_SEARCH_PATHS = (
					"$(inherited)",
					"@executable_path/Frameworks",
				);
				PRODUCT_BUNDLE_IDENTIFIER = LucasJusto.SurvivalCannon;
				PRODUCT_NAME = "$(TARGET_NAME)";
				SWIFT_VERSION = 5.0;
				TARGETED_DEVICE_FAMILY = "1,2";
			};
			name = Release;
		};
/* End XCBuildConfiguration section */

/* Begin XCConfigurationList section */
		4878312526EA973400E215DB /* Build configuration list for PBXProject "SurvivalCannon" */ = {
			isa = XCConfigurationList;
			buildConfigurations = (
				4878313D26EA973600E215DB /* Debug */,
				4878313E26EA973600E215DB /* Release */,
			);
			defaultConfigurationIsVisible = 0;
			defaultConfigurationName = Release;
		};
		4878313F26EA973600E215DB /* Build configuration list for PBXNativeTarget "SurvivalCannon" */ = {
			isa = XCConfigurationList;
			buildConfigurations = (
				4878314026EA973600E215DB /* Debug */,
				4878314126EA973600E215DB /* Release */,
			);
			defaultConfigurationIsVisible = 0;
			defaultConfigurationName = Release;
		};
/* End XCConfigurationList section */
	};
	rootObject = 4878312226EA973400E215DB /* Project object */;
}
